// !$*UTF8*$!
{
	archiveVersion = 1;
	classes = {
	};
	objectVersion = 56;
	objects = {

/* Begin PBXBuildFile section */
		EFA43ECC29733124006E6703 /* Swift_ObjC_Cpp_InteroperabilityApp.swift in Sources */ = {isa = PBXBuildFile; fileRef = EFA43ECB29733124006E6703 /* Swift_ObjC_Cpp_InteroperabilityApp.swift */; };
		EFA43ECE29733124006E6703 /* ContentView.swift in Sources */ = {isa = PBXBuildFile; fileRef = EFA43ECD29733124006E6703 /* ContentView.swift */; };
		EFA43ED029733125006E6703 /* Assets.xcassets in Resources */ = {isa = PBXBuildFile; fileRef = EFA43ECF29733125006E6703 /* Assets.xcassets */; };
		EFA43ED329733125006E6703 /* Preview Assets.xcassets in Resources */ = {isa = PBXBuildFile; fileRef = EFA43ED229733125006E6703 /* Preview Assets.xcassets */; };
		EFA43EDC297331C7006E6703 /* Shim.mm in Sources */ = {isa = PBXBuildFile; fileRef = EFA43EDB297331C7006E6703 /* Shim.mm */; };
		EFA43EDF29733215006E6703 /* ReverseShim.mm in Sources */ = {isa = PBXBuildFile; fileRef = EFA43EDE29733215006E6703 /* ReverseShim.mm */; };
		EFA43EE329733247006E6703 /* CppEnd.cpp in Sources */ = {isa = PBXBuildFile; fileRef = EFA43EE129733247006E6703 /* CppEnd.cpp */; };
		EFA43EE5297332A7006E6703 /* SwiftEnd.swift in Sources */ = {isa = PBXBuildFile; fileRef = EFA43EE4297332A7006E6703 /* SwiftEnd.swift */; };
/* End PBXBuildFile section */

/* Begin PBXFileReference section */
		EFA43EC829733124006E6703 /* Swift-ObjC-Cpp-Interoperability.app */ = {isa = PBXFileReference; explicitFileType = wrapper.application; includeInIndex = 0; path = "Swift-ObjC-Cpp-Interoperability.app"; sourceTree = BUILT_PRODUCTS_DIR; };
		EFA43ECB29733124006E6703 /* Swift_ObjC_Cpp_InteroperabilityApp.swift */ = {isa = PBXFileReference; lastKnownFileType = sourcecode.swift; path = Swift_ObjC_Cpp_InteroperabilityApp.swift; sourceTree = "<group>"; };
		EFA43ECD29733124006E6703 /* ContentView.swift */ = {isa = PBXFileReference; lastKnownFileType = sourcecode.swift; path = ContentView.swift; sourceTree = "<group>"; };
		EFA43ECF29733125006E6703 /* Assets.xcassets */ = {isa = PBXFileReference; lastKnownFileType = folder.assetcatalog; path = Assets.xcassets; sourceTree = "<group>"; };
		EFA43ED229733125006E6703 /* Preview Assets.xcassets */ = {isa = PBXFileReference; lastKnownFileType = folder.assetcatalog; path = "Preview Assets.xcassets"; sourceTree = "<group>"; };
		EFA43ED429733125006E6703 /* Swift_ObjC_Cpp_Interoperability.entitlements */ = {isa = PBXFileReference; lastKnownFileType = text.plist.entitlements; path = Swift_ObjC_Cpp_Interoperability.entitlements; sourceTree = "<group>"; };
		EFA43EDA297331C7006E6703 /* Swift-ObjC-Cpp-Interoperability-Bridging-Header.h */ = {isa = PBXFileReference; lastKnownFileType = sourcecode.c.h; path = "Swift-ObjC-Cpp-Interoperability-Bridging-Header.h"; sourceTree = "<group>"; };
		EFA43EDB297331C7006E6703 /* Shim.mm */ = {isa = PBXFileReference; lastKnownFileType = sourcecode.cpp.objcpp; path = Shim.mm; sourceTree = "<group>"; };
		EFA43EDD297331ED006E6703 /* Shim.h */ = {isa = PBXFileReference; lastKnownFileType = sourcecode.c.h; path = Shim.h; sourceTree = "<group>"; };
		EFA43EDE29733215006E6703 /* ReverseShim.mm */ = {isa = PBXFileReference; lastKnownFileType = sourcecode.cpp.objcpp; path = ReverseShim.mm; sourceTree = "<group>"; };
		EFA43EE029733225006E6703 /* ReverseShim.h */ = {isa = PBXFileReference; lastKnownFileType = sourcecode.c.h; path = ReverseShim.h; sourceTree = "<group>"; };
		EFA43EE129733247006E6703 /* CppEnd.cpp */ = {isa = PBXFileReference; lastKnownFileType = sourcecode.cpp.cpp; path = CppEnd.cpp; sourceTree = "<group>"; };
		EFA43EE229733247006E6703 /* CppEnd.hpp */ = {isa = PBXFileReference; lastKnownFileType = sourcecode.cpp.h; path = CppEnd.hpp; sourceTree = "<group>"; };
		EFA43EE4297332A7006E6703 /* SwiftEnd.swift */ = {isa = PBXFileReference; lastKnownFileType = sourcecode.swift; path = SwiftEnd.swift; sourceTree = "<group>"; };
/* End PBXFileReference section */

/* Begin PBXFrameworksBuildPhase section */
		EFA43EC529733124006E6703 /* Frameworks */ = {
			isa = PBXFrameworksBuildPhase;
			buildActionMask = 2147483647;
			files = (
			);
			runOnlyForDeploymentPostprocessing = 0;
		};
/* End PBXFrameworksBuildPhase section */

/* Begin PBXGroup section */
		EFA43EBF29733124006E6703 = {
			isa = PBXGroup;
			children = (
				EFA43ECA29733124006E6703 /* Swift-ObjC-Cpp-Interoperability */,
				EFA43EC929733124006E6703 /* Products */,
			);
			sourceTree = "<group>";
		};
		EFA43EC929733124006E6703 /* Products */ = {
			isa = PBXGroup;
			children = (
				EFA43EC829733124006E6703 /* Swift-ObjC-Cpp-Interoperability.app */,
			);
			name = Products;
			sourceTree = "<group>";
		};
		EFA43ECA29733124006E6703 /* Swift-ObjC-Cpp-Interoperability */ = {
			isa = PBXGroup;
			children = (
				EFA43ECB29733124006E6703 /* Swift_ObjC_Cpp_InteroperabilityApp.swift */,
				EFA43ECD29733124006E6703 /* ContentView.swift */,
				EFA43EE4297332A7006E6703 /* SwiftEnd.swift */,
				EFA43EDD297331ED006E6703 /* Shim.h */,
				EFA43EDB297331C7006E6703 /* Shim.mm */,
				EFA43EE029733225006E6703 /* ReverseShim.h */,
				EFA43EDE29733215006E6703 /* ReverseShim.mm */,
				EFA43EE129733247006E6703 /* CppEnd.cpp */,
				EFA43EE229733247006E6703 /* CppEnd.hpp */,
				EFA43EDA297331C7006E6703 /* Swift-ObjC-Cpp-Interoperability-Bridging-Header.h */,
				EFA43ECF29733125006E6703 /* Assets.xcassets */,
				EFA43ED429733125006E6703 /* Swift_ObjC_Cpp_Interoperability.entitlements */,
				EFA43ED129733125006E6703 /* Preview Content */,
			);
			path = "Swift-ObjC-Cpp-Interoperability";
			sourceTree = "<group>";
		};
		EFA43ED129733125006E6703 /* Preview Content */ = {
			isa = PBXGroup;
			children = (
				EFA43ED229733125006E6703 /* Preview Assets.xcassets */,
			);
			path = "Preview Content";
			sourceTree = "<group>";
		};
/* End PBXGroup section */

/* Begin PBXNativeTarget section */
		EFA43EC729733124006E6703 /* Swift-ObjC-Cpp-Interoperability */ = {
			isa = PBXNativeTarget;
			buildConfigurationList = EFA43ED729733125006E6703 /* Build configuration list for PBXNativeTarget "Swift-ObjC-Cpp-Interoperability" */;
			buildPhases = (
				EFA43EC429733124006E6703 /* Sources */,
				EFA43EC529733124006E6703 /* Frameworks */,
				EFA43EC629733124006E6703 /* Resources */,
			);
			buildRules = (
			);
			dependencies = (
			);
			name = "Swift-ObjC-Cpp-Interoperability";
			productName = "Swift-ObjC-Cpp-Interoperability";
			productReference = EFA43EC829733124006E6703 /* Swift-ObjC-Cpp-Interoperability.app */;
			productType = "com.apple.product-type.application";
		};
/* End PBXNativeTarget section */

/* Begin PBXProject section */
		EFA43EC029733124006E6703 /* Project object */ = {
			isa = PBXProject;
			attributes = {
				BuildIndependentTargetsInParallel = 1;
				LastSwiftUpdateCheck = 1420;
				LastUpgradeCheck = 1420;
				TargetAttributes = {
					EFA43EC729733124006E6703 = {
						CreatedOnToolsVersion = 14.2;
						LastSwiftMigration = 1420;
					};
				};
			};
			buildConfigurationList = EFA43EC329733124006E6703 /* Build configuration list for PBXProject "Swift-ObjC-Cpp-Interoperability" */;
			compatibilityVersion = "Xcode 14.0";
			developmentRegion = en;
			hasScannedForEncodings = 0;
			knownRegions = (
				en,
				Base,
			);
			mainGroup = EFA43EBF29733124006E6703;
			productRefGroup = EFA43EC929733124006E6703 /* Products */;
			projectDirPath = "";
			projectRoot = "";
			targets = (
				EFA43EC729733124006E6703 /* Swift-ObjC-Cpp-Interoperability */,
			);
		};
/* End PBXProject section */

/* Begin PBXResourcesBuildPhase section */
		EFA43EC629733124006E6703 /* Resources */ = {
			isa = PBXResourcesBuildPhase;
			buildActionMask = 2147483647;
			files = (
				EFA43ED329733125006E6703 /* Preview Assets.xcassets in Resources */,
				EFA43ED029733125006E6703 /* Assets.xcassets in Resources */,
			);
			runOnlyForDeploymentPostprocessing = 0;
		};
/* End PBXResourcesBuildPhase section */

/* Begin PBXSourcesBuildPhase section */
		EFA43EC429733124006E6703 /* Sources */ = {
			isa = PBXSourcesBuildPhase;
			buildActionMask = 2147483647;
			files = (
				EFA43ECE29733124006E6703 /* ContentView.swift in Sources */,
				EFA43EE329733247006E6703 /* CppEnd.cpp in Sources */,
				EFA43EDF29733215006E6703 /* ReverseShim.mm in Sources */,
				EFA43ECC29733124006E6703 /* Swift_ObjC_Cpp_InteroperabilityApp.swift in Sources */,
				EFA43EDC297331C7006E6703 /* Shim.mm in Sources */,
				EFA43EE5297332A7006E6703 /* SwiftEnd.swift in Sources */,
			);
			runOnlyForDeploymentPostprocessing = 0;
		};
/* End PBXSourcesBuildPhase section */

/* Begin XCBuildConfiguration section */
		EFA43ED529733125006E6703 /* Debug */ = {
			isa = XCBuildConfiguration;
			buildSettings = {
				ALWAYS_SEARCH_USER_PATHS = NO;
				CLANG_ANALYZER_NONNULL = YES;
				CLANG_ANALYZER_NUMBER_OBJECT_CONVERSION = YES_AGGRESSIVE;
				CLANG_CXX_LANGUAGE_STANDARD = "gnu++20";
				CLANG_ENABLE_MODULES = YES;
				CLANG_ENABLE_OBJC_ARC = YES;
				CLANG_ENABLE_OBJC_WEAK = YES;
				CLANG_WARN_BLOCK_CAPTURE_AUTORELEASING = YES;
				CLANG_WARN_BOOL_CONVERSION = YES;
				CLANG_WARN_COMMA = YES;
				CLANG_WARN_CONSTANT_CONVERSION = YES;
				CLANG_WARN_DEPRECATED_OBJC_IMPLEMENTATIONS = YES;
				CLANG_WARN_DIRECT_OBJC_ISA_USAGE = YES_ERROR;
				CLANG_WARN_DOCUMENTATION_COMMENTS = YES;
				CLANG_WARN_EMPTY_BODY = YES;
				CLANG_WARN_ENUM_CONVERSION = YES;
				CLANG_WARN_INFINITE_RECURSION = YES;
				CLANG_WARN_INT_CONVERSION = YES;
				CLANG_WARN_NON_LITERAL_NULL_CONVERSION = YES;
				CLANG_WARN_OBJC_IMPLICIT_RETAIN_SELF = YES;
				CLANG_WARN_OBJC_LITERAL_CONVERSION = YES;
				CLANG_WARN_OBJC_ROOT_CLASS = YES_ERROR;
				CLANG_WARN_QUOTED_INCLUDE_IN_FRAMEWORK_HEADER = YES;
				CLANG_WARN_RANGE_LOOP_ANALYSIS = YES;
				CLANG_WARN_STRICT_PROTOTYPES = YES;
				CLANG_WARN_SUSPICIOUS_MOVE = YES;
				CLANG_WARN_UNGUARDED_AVAILABILITY = YES_AGGRESSIVE;
				CLANG_WARN_UNREACHABLE_CODE = YES;
				CLANG_WARN__DUPLICATE_METHOD_MATCH = YES;
				COPY_PHASE_STRIP = NO;
				DEBUG_INFORMATION_FORMAT = dwarf;
				ENABLE_STRICT_OBJC_MSGSEND = YES;
				ENABLE_TESTABILITY = YES;
				GCC_C_LANGUAGE_STANDARD = gnu11;
				GCC_DYNAMIC_NO_PIC = NO;
				GCC_NO_COMMON_BLOCKS = YES;
				GCC_OPTIMIZATION_LEVEL = 0;
				GCC_PREPROCESSOR_DEFINITIONS = (
					"DEBUG=1",
					"$(inherited)",
				);
				GCC_WARN_64_TO_32_BIT_CONVERSION = YES;
				GCC_WARN_ABOUT_RETURN_TYPE = YES_ERROR;
				GCC_WARN_UNDECLARED_SELECTOR = YES;
				GCC_WARN_UNINITIALIZED_AUTOS = YES_AGGRESSIVE;
				GCC_WARN_UNUSED_FUNCTION = YES;
				GCC_WARN_UNUSED_VARIABLE = YES;
				MACOSX_DEPLOYMENT_TARGET = 13.1;
				MTL_ENABLE_DEBUG_INFO = INCLUDE_SOURCE;
				MTL_FAST_MATH = YES;
				ONLY_ACTIVE_ARCH = YES;
				SDKROOT = macosx;
				SWIFT_ACTIVE_COMPILATION_CONDITIONS = DEBUG;
				SWIFT_OPTIMIZATION_LEVEL = "-Onone";
			};
			name = Debug;
		};
		EFA43ED629733125006E6703 /* Release */ = {
			isa = XCBuildConfiguration;
			buildSettings = {
				ALWAYS_SEARCH_USER_PATHS = NO;
				CLANG_ANALYZER_NONNULL = YES;
				CLANG_ANALYZER_NUMBER_OBJECT_CONVERSION = YES_AGGRESSIVE;
				CLANG_CXX_LANGUAGE_STANDARD = "gnu++20";
				CLANG_ENABLE_MODULES = YES;
				CLANG_ENABLE_OBJC_ARC = YES;
				CLANG_ENABLE_OBJC_WEAK = YES;
				CLANG_WARN_BLOCK_CAPTURE_AUTORELEASING = YES;
				CLANG_WARN_BOOL_CONVERSION = YES;
				CLANG_WARN_COMMA = YES;
				CLANG_WARN_CONSTANT_CONVERSION = YES;
				CLANG_WARN_DEPRECATED_OBJC_IMPLEMENTATIONS = YES;
				CLANG_WARN_DIRECT_OBJC_ISA_USAGE = YES_ERROR;
				CLANG_WARN_DOCUMENTATION_COMMENTS = YES;
				CLANG_WARN_EMPTY_BODY = YES;
				CLANG_WARN_ENUM_CONVERSION = YES;
				CLANG_WARN_INFINITE_RECURSION = YES;
				CLANG_WARN_INT_CONVERSION = YES;
				CLANG_WARN_NON_LITERAL_NULL_CONVERSION = YES;
				CLANG_WARN_OBJC_IMPLICIT_RETAIN_SELF = YES;
				CLANG_WARN_OBJC_LITERAL_CONVERSION = YES;
				CLANG_WARN_OBJC_ROOT_CLASS = YES_ERROR;
				CLANG_WARN_QUOTED_INCLUDE_IN_FRAMEWORK_HEADER = YES;
				CLANG_WARN_RANGE_LOOP_ANALYSIS = YES;
				CLANG_WARN_STRICT_PROTOTYPES = YES;
				CLANG_WARN_SUSPICIOUS_MOVE = YES;
				CLANG_WARN_UNGUARDED_AVAILABILITY = YES_AGGRESSIVE;
				CLANG_WARN_UNREACHABLE_CODE = YES;
				CLANG_WARN__DUPLICATE_METHOD_MATCH = YES;
				COPY_PHASE_STRIP = NO;
				DEBUG_INFORMATION_FORMAT = "dwarf-with-dsym";
				ENABLE_NS_ASSERTIONS = NO;
				ENABLE_STRICT_OBJC_MSGSEND = YES;
				GCC_C_LANGUAGE_STANDARD = gnu11;
				GCC_NO_COMMON_BLOCKS = YES;
				GCC_WARN_64_TO_32_BIT_CONVERSION = YES;
				GCC_WARN_ABOUT_RETURN_TYPE = YES_ERROR;
				GCC_WARN_UNDECLARED_SELECTOR = YES;
				GCC_WARN_UNINITIALIZED_AUTOS = YES_AGGRESSIVE;
				GCC_WARN_UNUSED_FUNCTION = YES;
				GCC_WARN_UNUSED_VARIABLE = YES;
				MACOSX_DEPLOYMENT_TARGET = 13.1;
				MTL_ENABLE_DEBUG_INFO = NO;
				MTL_FAST_MATH = YES;
				SDKROOT = macosx;
				SWIFT_COMPILATION_MODE = wholemodule;
				SWIFT_OPTIMIZATION_LEVEL = "-O";
			};
			name = Release;
		};
		EFA43ED829733125006E6703 /* Debug */ = {
			isa = XCBuildConfiguration;
			buildSettings = {
				ASSETCATALOG_COMPILER_APPICON_NAME = AppIcon;
				ASSETCATALOG_COMPILER_GLOBAL_ACCENT_COLOR_NAME = AccentColor;
				CLANG_ENABLE_MODULES = YES;
				CODE_SIGN_ENTITLEMENTS = "Swift-ObjC-Cpp-Interoperability/Swift_ObjC_Cpp_Interoperability.entitlements";
				CODE_SIGN_STYLE = Automatic;
				COMBINE_HIDPI_IMAGES = YES;
				CURRENT_PROJECT_VERSION = 1;
				DEVELOPMENT_ASSET_PATHS = "\"Swift-ObjC-Cpp-Interoperability/Preview Content\"";
				DEVELOPMENT_TEAM = 64SMH392EJ;
				ENABLE_HARDENED_RUNTIME = YES;
				ENABLE_PREVIEWS = YES;
				GENERATE_INFOPLIST_FILE = YES;
				INFOPLIST_KEY_NSHumanReadableCopyright = "";
				LD_RUNPATH_SEARCH_PATHS = (
					"$(inherited)",
					"@executable_path/../Frameworks",
				);
				MARKETING_VERSION = 1.0;
				PRODUCT_BUNDLE_IDENTIFIER = "com.sample.Swift-ObjC-Cpp-Interoperability";
				PRODUCT_NAME = "$(TARGET_NAME)";
				SWIFT_EMIT_LOC_STRINGS = YES;
				SWIFT_OBJC_BRIDGING_HEADER = "Swift-ObjC-Cpp-Interoperability/Swift-ObjC-Cpp-Interoperability-Bridging-Header.h";
				SWIFT_OPTIMIZATION_LEVEL = "-Onone";
				SWIFT_VERSION = 5.0;
			};
			name = Debug;
		};
		EFA43ED929733125006E6703 /* Release */ = {
			isa = XCBuildConfiguration;
			buildSettings = {
				ASSETCATALOG_COMPILER_APPICON_NAME = AppIcon;
				ASSETCATALOG_COMPILER_GLOBAL_ACCENT_COLOR_NAME = AccentColor;
				CLANG_ENABLE_MODULES = YES;
				CODE_SIGN_ENTITLEMENTS = "Swift-ObjC-Cpp-Interoperability/Swift_ObjC_Cpp_Interoperability.entitlements";
				CODE_SIGN_STYLE = Automatic;
				COMBINE_HIDPI_IMAGES = YES;
				CURRENT_PROJECT_VERSION = 1;
				DEVELOPMENT_ASSET_PATHS = "\"Swift-ObjC-Cpp-Interoperability/Preview Content\"";
				DEVELOPMENT_TEAM = 64SMH392EJ;
				ENABLE_HARDENED_RUNTIME = YES;
				ENABLE_PREVIEWS = YES;
				GENERATE_INFOPLIST_FILE = YES;
				INFOPLIST_KEY_NSHumanReadableCopyright = "";
				LD_RUNPATH_SEARCH_PATHS = (
					"$(inherited)",
					"@executable_path/../Frameworks",
				);
				MARKETING_VERSION = 1.0;
				PRODUCT_BUNDLE_IDENTIFIER = "com.sample.Swift-ObjC-Cpp-Interoperability";
				PRODUCT_NAME = "$(TARGET_NAME)";
				SWIFT_EMIT_LOC_STRINGS = YES;
				SWIFT_OBJC_BRIDGING_HEADER = "Swift-ObjC-Cpp-Interoperability/Swift-ObjC-Cpp-Interoperability-Bridging-Header.h";
				SWIFT_VERSION = 5.0;
			};
			name = Release;
		};
/* End XCBuildConfiguration section */

/* Begin XCConfigurationList section */
		EFA43EC329733124006E6703 /* Build configuration list for PBXProject "Swift-ObjC-Cpp-Interoperability" */ = {
			isa = XCConfigurationList;
			buildConfigurations = (
				EFA43ED529733125006E6703 /* Debug */,
				EFA43ED629733125006E6703 /* Release */,
			);
			defaultConfigurationIsVisible = 0;
			defaultConfigurationName = Release;
		};
		EFA43ED729733125006E6703 /* Build configuration list for PBXNativeTarget "Swift-ObjC-Cpp-Interoperability" */ = {
			isa = XCConfigurationList;
			buildConfigurations = (
				EFA43ED829733125006E6703 /* Debug */,
				EFA43ED929733125006E6703 /* Release */,
			);
			defaultConfigurationIsVisible = 0;
			defaultConfigurationName = Release;
		};
/* End XCConfigurationList section */
	};
	rootObject = EFA43EC029733124006E6703 /* Project object */;
}
